// !$*UTF8*$!
{
	archiveVersion = 1;
	classes = {
	};
	objectVersion = 46;
	objects = {

/* Begin PBXBuildFile section */
		B72E18EB155A71D00097FAA1 /* UIKit.framework in Frameworks */ = {isa = PBXBuildFile; fileRef = B72E18EA155A71D00097FAA1 /* UIKit.framework */; };
		B72E18ED155A71D00097FAA1 /* Foundation.framework in Frameworks */ = {isa = PBXBuildFile; fileRef = B72E18EC155A71D00097FAA1 /* Foundation.framework */; };
		B72E18EF155A71D00097FAA1 /* CoreGraphics.framework in Frameworks */ = {isa = PBXBuildFile; fileRef = B72E18EE155A71D00097FAA1 /* CoreGraphics.framework */; };
		B72E18F5155A71D00097FAA1 /* InfoPlist.strings in Resources */ = {isa = PBXBuildFile; fileRef = B72E18F3155A71D00097FAA1 /* InfoPlist.strings */; };
		B72E18F7155A71D00097FAA1 /* main.m in Sources */ = {isa = PBXBuildFile; fileRef = B72E18F6155A71D00097FAA1 /* main.m */; };
		B72E18FB155A71D00097FAA1 /* AppDelegate.m in Sources */ = {isa = PBXBuildFile; fileRef = B72E18FA155A71D00097FAA1 /* AppDelegate.m */; };
		B72E18FE155A71D00097FAA1 /* ViewController.m in Sources */ = {isa = PBXBuildFile; fileRef = B72E18FD155A71D00097FAA1 /* ViewController.m */; };
		B72E1901155A71D00097FAA1 /* ViewController_iPhone.xib in Resources */ = {isa = PBXBuildFile; fileRef = B72E18FF155A71D00097FAA1 /* ViewController_iPhone.xib */; };
		B72E1904155A71D00097FAA1 /* ViewController_iPad.xib in Resources */ = {isa = PBXBuildFile; fileRef = B72E1902155A71D00097FAA1 /* ViewController_iPad.xib */; };
		B72E1911155A71FE0097FAA1 /* libsqlite3.dylib in Frameworks */ = {isa = PBXBuildFile; fileRef = B72E1910155A71FE0097FAA1 /* libsqlite3.dylib */; };
		B72E1913155A72050097FAA1 /* libxml2.dylib in Frameworks */ = {isa = PBXBuildFile; fileRef = B72E1912155A72050097FAA1 /* libxml2.dylib */; };
		B72E1915155A720D0097FAA1 /* SystemConfiguration.framework in Frameworks */ = {isa = PBXBuildFile; fileRef = B72E1914155A720D0097FAA1 /* SystemConfiguration.framework */; };
		F8E5E7BD175835B900BA4D53 /* libZucksAdnet.a in Frameworks */ = {isa = PBXBuildFile; fileRef = F8E5E7BA175835B900BA4D53 /* libZucksAdnet.a */; };
/* End PBXBuildFile section */

/* Begin PBXFileReference section */
		B72E18E6155A71D00097FAA1 /* Fluct14.app */ = {isa = PBXFileReference; explicitFileType = wrapper.application; includeInIndex = 0; path = Fluct14.app; sourceTree = BUILT_PRODUCTS_DIR; };
		B72E18EA155A71D00097FAA1 /* UIKit.framework */ = {isa = PBXFileReference; lastKnownFileType = wrapper.framework; name = UIKit.framework; path = System/Library/Frameworks/UIKit.framework; sourceTree = SDKROOT; };
		B72E18EC155A71D00097FAA1 /* Foundation.framework */ = {isa = PBXFileReference; lastKnownFileType = wrapper.framework; name = Foundation.framework; path = System/Library/Frameworks/Foundation.framework; sourceTree = SDKROOT; };
		B72E18EE155A71D00097FAA1 /* CoreGraphics.framework */ = {isa = PBXFileReference; lastKnownFileType = wrapper.framework; name = CoreGraphics.framework; path = System/Library/Frameworks/CoreGraphics.framework; sourceTree = SDKROOT; };
		B72E18F2155A71D00097FAA1 /* Fluct14-Info.plist */ = {isa = PBXFileReference; lastKnownFileType = text.plist.xml; path = "Fluct14-Info.plist"; sourceTree = "<group>"; };
		B72E18F4155A71D00097FAA1 /* en */ = {isa = PBXFileReference; lastKnownFileType = text.plist.strings; name = en; path = en.lproj/InfoPlist.strings; sourceTree = "<group>"; };
		B72E18F6155A71D00097FAA1 /* main.m */ = {isa = PBXFileReference; lastKnownFileType = sourcecode.c.objc; path = main.m; sourceTree = "<group>"; };
		B72E18F8155A71D00097FAA1 /* Fluct14-Prefix.pch */ = {isa = PBXFileReference; lastKnownFileType = sourcecode.c.h; path = "Fluct14-Prefix.pch"; sourceTree = "<group>"; };
		B72E18F9155A71D00097FAA1 /* AppDelegate.h */ = {isa = PBXFileReference; lastKnownFileType = sourcecode.c.h; path = AppDelegate.h; sourceTree = "<group>"; };
		B72E18FA155A71D00097FAA1 /* AppDelegate.m */ = {isa = PBXFileReference; lastKnownFileType = sourcecode.c.objc; path = AppDelegate.m; sourceTree = "<group>"; };
		B72E18FC155A71D00097FAA1 /* ViewController.h */ = {isa = PBXFileReference; lastKnownFileType = sourcecode.c.h; path = ViewController.h; sourceTree = "<group>"; };
		B72E18FD155A71D00097FAA1 /* ViewController.m */ = {isa = PBXFileReference; lastKnownFileType = sourcecode.c.objc; path = ViewController.m; sourceTree = "<group>"; };
		B72E1900155A71D00097FAA1 /* en */ = {isa = PBXFileReference; lastKnownFileType = file.xib; name = en; path = en.lproj/ViewController_iPhone.xib; sourceTree = "<group>"; };
		B72E1903155A71D00097FAA1 /* en */ = {isa = PBXFileReference; lastKnownFileType = file.xib; name = en; path = en.lproj/ViewController_iPad.xib; sourceTree = "<group>"; };
		B72E1910155A71FE0097FAA1 /* libsqlite3.dylib */ = {isa = PBXFileReference; lastKnownFileType = "compiled.mach-o.dylib"; name = libsqlite3.dylib; path = usr/lib/libsqlite3.dylib; sourceTree = SDKROOT; };
		B72E1912155A72050097FAA1 /* libxml2.dylib */ = {isa = PBXFileReference; lastKnownFileType = "compiled.mach-o.dylib"; name = libxml2.dylib; path = usr/lib/libxml2.dylib; sourceTree = SDKROOT; };
		B72E1914155A720D0097FAA1 /* SystemConfiguration.framework */ = {isa = PBXFileReference; lastKnownFileType = wrapper.framework; name = SystemConfiguration.framework; path = System/Library/Frameworks/SystemConfiguration.framework; sourceTree = SDKROOT; };
		F8E5E7BA175835B900BA4D53 /* libZucksAdnet.a */ = {isa = PBXFileReference; lastKnownFileType = archive.ar; path = libZucksAdnet.a; sourceTree = "<group>"; };
		F8E5E7BB175835B900BA4D53 /* ZucksAdnet.h */ = {isa = PBXFileReference; fileEncoding = 4; lastKnownFileType = sourcecode.c.h; path = ZucksAdnet.h; sourceTree = "<group>"; };
		F8E5E7BC175835B900BA4D53 /* ZucksBannerView.h */ = {isa = PBXFileReference; fileEncoding = 4; lastKnownFileType = sourcecode.c.h; path = ZucksBannerView.h; sourceTree = "<group>"; };
/* End PBXFileReference section */

/* Begin PBXFrameworksBuildPhase section */
		B72E18E3155A71D00097FAA1 /* Frameworks */ = {
			isa = PBXFrameworksBuildPhase;
			buildActionMask = 2147483647;
			files = (
				B72E1915155A720D0097FAA1 /* SystemConfiguration.framework in Frameworks */,
				B72E1913155A72050097FAA1 /* libxml2.dylib in Frameworks */,
				B72E1911155A71FE0097FAA1 /* libsqlite3.dylib in Frameworks */,
				B72E18EB155A71D00097FAA1 /* UIKit.framework in Frameworks */,
				B72E18ED155A71D00097FAA1 /* Foundation.framework in Frameworks */,
				B72E18EF155A71D00097FAA1 /* CoreGraphics.framework in Frameworks */,
				F8E5E7BD175835B900BA4D53 /* libZucksAdnet.a in Frameworks */,
			);
			runOnlyForDeploymentPostprocessing = 0;
		};
/* End PBXFrameworksBuildPhase section */

/* Begin PBXGroup section */
		B72E18DB155A71D00097FAA1 = {
			isa = PBXGroup;
			children = (
				B72E1914155A720D0097FAA1 /* SystemConfiguration.framework */,
				B72E1912155A72050097FAA1 /* libxml2.dylib */,
				B72E1910155A71FE0097FAA1 /* libsqlite3.dylib */,
				B72E18F0155A71D00097FAA1 /* Fluct14 */,
				B72E18E9155A71D00097FAA1 /* Frameworks */,
				B72E18E7155A71D00097FAA1 /* Products */,
			);
			sourceTree = "<group>";
		};
		B72E18E7155A71D00097FAA1 /* Products */ = {
			isa = PBXGroup;
			children = (
				B72E18E6155A71D00097FAA1 /* Fluct14.app */,
			);
			name = Products;
			sourceTree = "<group>";
		};
		B72E18E9155A71D00097FAA1 /* Frameworks */ = {
			isa = PBXGroup;
			children = (
				B72E18EA155A71D00097FAA1 /* UIKit.framework */,
				B72E18EC155A71D00097FAA1 /* Foundation.framework */,
				B72E18EE155A71D00097FAA1 /* CoreGraphics.framework */,
			);
			name = Frameworks;
			sourceTree = "<group>";
		};
		B72E18F0155A71D00097FAA1 /* Fluct14 */ = {
			isa = PBXGroup;
			children = (
				F8E5E7B8175835B900BA4D53 /* Resources */,
				B72E18F9155A71D00097FAA1 /* AppDelegate.h */,
				B72E18FA155A71D00097FAA1 /* AppDelegate.m */,
				B72E18FC155A71D00097FAA1 /* ViewController.h */,
				B72E18FD155A71D00097FAA1 /* ViewController.m */,
				B72E18FF155A71D00097FAA1 /* ViewController_iPhone.xib */,
				B72E1902155A71D00097FAA1 /* ViewController_iPad.xib */,
				B72E18F1155A71D00097FAA1 /* Supporting Files */,
			);
			path = Fluct14;
			sourceTree = "<group>";
		};
		B72E18F1155A71D00097FAA1 /* Supporting Files */ = {
			isa = PBXGroup;
			children = (
				B72E18F2155A71D00097FAA1 /* Fluct14-Info.plist */,
				B72E18F3155A71D00097FAA1 /* InfoPlist.strings */,
				B72E18F6155A71D00097FAA1 /* main.m */,
				B72E18F8155A71D00097FAA1 /* Fluct14-Prefix.pch */,
			);
			name = "Supporting Files";
			sourceTree = "<group>";
		};
		F8E5E7B8175835B900BA4D53 /* Resources */ = {
			isa = PBXGroup;
			children = (
				F8E5E7B9175835B900BA4D53 /* lib */,
			);
			name = Resources;
			path = ../../Resources;
			sourceTree = "<group>";
		};
		F8E5E7B9175835B900BA4D53 /* lib */ = {
			isa = PBXGroup;
			children = (
				F8E5E7BA175835B900BA4D53 /* libZucksAdnet.a */,
				F8E5E7BB175835B900BA4D53 /* ZucksAdnet.h */,
				F8E5E7BC175835B900BA4D53 /* ZucksBannerView.h */,
			);
			path = lib;
			sourceTree = "<group>";
		};
/* End PBXGroup section */

/* Begin PBXNativeTarget section */
		B72E18E5155A71D00097FAA1 /* Fluct14 */ = {
			isa = PBXNativeTarget;
			buildConfigurationList = B72E1907155A71D00097FAA1 /* Build configuration list for PBXNativeTarget "Fluct14" */;
			buildPhases = (
				B72E18E2155A71D00097FAA1 /* Sources */,
				B72E18E3155A71D00097FAA1 /* Frameworks */,
				B72E18E4155A71D00097FAA1 /* Resources */,
			);
			buildRules = (
			);
			dependencies = (
			);
			name = Fluct14;
			productName = Fluct14;
			productReference = B72E18E6155A71D00097FAA1 /* Fluct14.app */;
			productType = "com.apple.product-type.application";
		};
/* End PBXNativeTarget section */

/* Begin PBXProject section */
		B72E18DD155A71D00097FAA1 /* Project object */ = {
			isa = PBXProject;
			attributes = {
				LastUpgradeCheck = 0430;
			};
			buildConfigurationList = B72E18E0155A71D00097FAA1 /* Build configuration list for PBXProject "Fluct14" */;
			compatibilityVersion = "Xcode 3.2";
			developmentRegion = English;
			hasScannedForEncodings = 0;
			knownRegions = (
				en,
			);
			mainGroup = B72E18DB155A71D00097FAA1;
			productRefGroup = B72E18E7155A71D00097FAA1 /* Products */;
			projectDirPath = "";
			projectRoot = "";
			targets = (
				B72E18E5155A71D00097FAA1 /* Fluct14 */,
			);
		};
/* End PBXProject section */

/* Begin PBXResourcesBuildPhase section */
		B72E18E4155A71D00097FAA1 /* Resources */ = {
			isa = PBXResourcesBuildPhase;
			buildActionMask = 2147483647;
			files = (
				B72E18F5155A71D00097FAA1 /* InfoPlist.strings in Resources */,
				B72E1901155A71D00097FAA1 /* ViewController_iPhone.xib in Resources */,
				B72E1904155A71D00097FAA1 /* ViewController_iPad.xib in Resources */,
			);
			runOnlyForDeploymentPostprocessing = 0;
		};
/* End PBXResourcesBuildPhase section */

/* Begin PBXSourcesBuildPhase section */
		B72E18E2155A71D00097FAA1 /* Sources */ = {
			isa = PBXSourcesBuildPhase;
			buildActionMask = 2147483647;
			files = (
				B72E18F7155A71D00097FAA1 /* main.m in Sources */,
				B72E18FB155A71D00097FAA1 /* AppDelegate.m in Sources */,
				B72E18FE155A71D00097FAA1 /* ViewController.m in Sources */,
			);
			runOnlyForDeploymentPostprocessing = 0;
		};
/* End PBXSourcesBuildPhase section */

/* Begin PBXVariantGroup section */
		B72E18F3155A71D00097FAA1 /* InfoPlist.strings */ = {
			isa = PBXVariantGroup;
			children = (
				B72E18F4155A71D00097FAA1 /* en */,
			);
			name = InfoPlist.strings;
			sourceTree = "<group>";
		};
		B72E18FF155A71D00097FAA1 /* ViewController_iPhone.xib */ = {
			isa = PBXVariantGroup;
			children = (
				B72E1900155A71D00097FAA1 /* en */,
			);
			name = ViewController_iPhone.xib;
			sourceTree = "<group>";
		};
		B72E1902155A71D00097FAA1 /* ViewController_iPad.xib */ = {
			isa = PBXVariantGroup;
			children = (
				B72E1903155A71D00097FAA1 /* en */,
			);
			name = ViewController_iPad.xib;
			sourceTree = "<group>";
		};
/* End PBXVariantGroup section */

/* Begin XCBuildConfiguration section */
		B72E1905155A71D00097FAA1 /* Debug */ = {
			isa = XCBuildConfiguration;
			buildSettings = {
				ALWAYS_SEARCH_USER_PATHS = NO;
				ARCHS = "$(ARCHS_STANDARD_32_BIT)";
				"CODE_SIGN_IDENTITY[sdk=iphoneos*]" = "iPhone Developer";
				COPY_PHASE_STRIP = NO;
				GCC_C_LANGUAGE_STANDARD = gnu99;
				GCC_DYNAMIC_NO_PIC = NO;
				GCC_OPTIMIZATION_LEVEL = 0;
				GCC_PREPROCESSOR_DEFINITIONS = (
					"DEBUG=1",
					"$(inherited)",
				);
				GCC_SYMBOLS_PRIVATE_EXTERN = NO;
				GCC_VERSION = com.apple.compilers.llvm.clang.1_0;
				GCC_WARN_ABOUT_RETURN_TYPE = YES;
				GCC_WARN_UNINITIALIZED_AUTOS = YES;
				GCC_WARN_UNUSED_VARIABLE = YES;
				IPHONEOS_DEPLOYMENT_TARGET = 3.0;
				SDKROOT = iphoneos;
				TARGETED_DEVICE_FAMILY = "1,2";
			};
			name = Debug;
		};
		B72E1906155A71D00097FAA1 /* Release */ = {
			isa = XCBuildConfiguration;
			buildSettings = {
				ALWAYS_SEARCH_USER_PATHS = NO;
				ARCHS = "$(ARCHS_STANDARD_32_BIT)";
				"CODE_SIGN_IDENTITY[sdk=iphoneos*]" = "iPhone Developer";
				COPY_PHASE_STRIP = YES;
				GCC_C_LANGUAGE_STANDARD = gnu99;
				GCC_VERSION = com.apple.compilers.llvm.clang.1_0;
				GCC_WARN_ABOUT_RETURN_TYPE = YES;
				GCC_WARN_UNINITIALIZED_AUTOS = YES;
				GCC_WARN_UNUSED_VARIABLE = YES;
				IPHONEOS_DEPLOYMENT_TARGET = 3.0;
				OTHER_CFLAGS = "-DNS_BLOCK_ASSERTIONS=1";
				SDKROOT = iphoneos;
				TARGETED_DEVICE_FAMILY = "1,2";
				VALIDATE_PRODUCT = YES;
			};
			name = Release;
		};
		B72E1908155A71D00097FAA1 /* Debug */ = {
			isa = XCBuildConfiguration;
			buildSettings = {
				GCC_PRECOMPILE_PREFIX_HEADER = YES;
				GCC_PREFIX_HEADER = "Fluct14/Fluct14-Prefix.pch";
				INFOPLIST_FILE = "Fluct14/Fluct14-Info.plist";
				LIBRARY_SEARCH_PATHS = (
					"$(inherited)",
					"\"$(SRCROOT)/Fluct14/Resources/lib\"",
					"\"$(SRCROOT)/../Resources/lib\"",
				);
				OTHER_LDFLAGS = (
					"-ObjC",
					"-all_load",
				);
				PRODUCT_NAME = "$(TARGET_NAME)";
				WRAPPER_EXTENSION = app;
			};
			name = Debug;
		};
		B72E1909155A71D00097FAA1 /* Release */ = {
			isa = XCBuildConfiguration;
			buildSettings = {
				GCC_PRECOMPILE_PREFIX_HEADER = YES;
				GCC_PREFIX_HEADER = "Fluct14/Fluct14-Prefix.pch";
				INFOPLIST_FILE = "Fluct14/Fluct14-Info.plist";
				LIBRARY_SEARCH_PATHS = (
					"$(inherited)",
					"\"$(SRCROOT)/Fluct14/Resources/lib\"",
					"\"$(SRCROOT)/../Resources/lib\"",
				);
				OTHER_LDFLAGS = (
					"-ObjC",
					"-all_load",
				);
				PRODUCT_NAME = "$(TARGET_NAME)";
				WRAPPER_EXTENSION = app;
			};
			name = Release;
		};
/* End XCBuildConfiguration section */

/* Begin XCConfigurationList section */
		B72E18E0155A71D00097FAA1 /* Build configuration list for PBXProject "Fluct14" */ = {
			isa = XCConfigurationList;
			buildConfigurations = (
				B72E1905155A71D00097FAA1 /* Debug */,
				B72E1906155A71D00097FAA1 /* Release */,
			);
			defaultConfigurationIsVisible = 0;
			defaultConfigurationName = Release;
		};
		B72E1907155A71D00097FAA1 /* Build configuration list for PBXNativeTarget "Fluct14" */ = {
			isa = XCConfigurationList;
			buildConfigurations = (
				B72E1908155A71D00097FAA1 /* Debug */,
				B72E1909155A71D00097FAA1 /* Release */,
			);
			defaultConfigurationIsVisible = 0;
			defaultConfigurationName = Release;
		};
/* End XCConfigurationList section */
	};
	rootObject = B72E18DD155A71D00097FAA1 /* Project object */;
}
